{
  "name": "krakenComponents",
  "lockfileVersion": 3,
  "requires": true,
  "packages": {
    "": {
      "dependencies": {
        "krakenhtml": "^1.0.58",
        "krakenthing": "^1.0.68"
      }
    },
    "node_modules/krakenhelper": {
      "version": "0.0.2",
      "resolved": "https://registry.npmjs.org/krakenhelper/-/krakenhelper-0.0.2.tgz",
      "integrity": "sha512-UydcTA0EnPGGcvzdCCVqNaaomUcmLgrSSuqDkrl091070j5iSmaiH2l3EafRlKzjr6TliBeWzOIgDsd8Lh6jnQ==",
      "license": "ISC"
    },
    "node_modules/krakenhelpers": {
      "version": "0.0.10",
      "resolved": "https://registry.npmjs.org/krakenhelpers/-/krakenhelpers-0.0.10.tgz",
      "integrity": "sha512-I5Xy2/jVwrbP0/ZNvMKpeowp4792+TjJViv2QGVvylPy1zd8l84oAwM+C69OL5gZPrIKOkcg5SiRkmDAETDzKw==",
      "license": "ISC"
    },
    "node_modules/krakenhtml": {
      "version": "1.0.58",
      "resolved": "https://registry.npmjs.org/krakenhtml/-/krakenhtml-1.0.58.tgz",
      "integrity": "sha512-29rRarctivLiEmepgcJQY7JItFy5X1oRofH4Jz169ublRmEIgH4XtklK4iYwTCF5hYsyoLgYLhxAThUA/jeI7A==",
      "license": "ISC",
      "dependencies": {
        "krakenschema": "^1.0.8"
      }
    },
    "node_modules/krakenrecord": {
      "version": "1.1.28",
      "resolved": "https://registry.npmjs.org/krakenrecord/-/krakenrecord-1.1.28.tgz",
      "integrity": "sha512-rPIBSFjqC8gCmjIZQDXCQlj39CZeV9cSxTqGhONCzuyb2R7mEKwnzjiactzJJXFDGtJqUIAbjDfOH4TzWHs3Ng==",
      "license": "ISC",
      "dependencies": {
        "krakenhelpers": "^0.0.10",
        "uuid": "^9.0.1"
      }
    },
    "node_modules/krakenschema": {
      "version": "1.0.8",
      "resolved": "https://registry.npmjs.org/krakenschema/-/krakenschema-1.0.8.tgz",
      "integrity": "sha512-OXqoSceRCFpOkebeb/x/dDNFZo+aWdB1KcC82kTxQr7fdDKgh57h9t8+SWOGpPZ17iSCJC6ul+mxXwAumIYPPA==",
      "license": "ISC"
    },
    "node_modules/krakenthing": {
      "version": "1.0.68",
      "resolved": "https://registry.npmjs.org/krakenthing/-/krakenthing-1.0.68.tgz",
      "integrity": "sha512-gsrS64gsHA3jGrqoZpzURqw781QwC4xklv+vKZ1KQLSopzlGtpJqD9qu3u7zIgK1bFgDoKWXYlZVfaQsF/WUiQ==",
      "license": "ISC",
      "dependencies": {
        "krakenhelper": "^0.0.2",
        "krakenhtml": "^1.0.42",
        "krakenrecord": "^1.0.54",
        "krakenschema": "^1.0.2",
        "uuid": "^9.0.1"
      }
    },
    "node_modules/uuid": {
      "version": "9.0.1",
      "resolved": "https://registry.npmjs.org/uuid/-/uuid-9.0.1.tgz",
      "integrity": "sha512-b+1eJOlsR9K8HJpow9Ok3fiWOWSIcIzXodvv0rQjVoOVNpWMpxf1wZNpt4y9h10odCNrqnYp1OBzRktckBe3sA==",
      "funding": [
        "https://github.com/sponsors/broofa",
        "https://github.com/sponsors/ctavan"
      ],
      "license": "MIT",
      "bin": {
        "uuid": "dist/bin/uuid"
      }
    }
  }
}
